// !$*UTF8*$!
{
	archiveVersion = 1;
	classes = {
	};
	objectVersion = 46;
	objects = {

/* Begin PBXBuildFile section */
		4B5193DD1F76C4B200C32056 /* AppDelegate.swift in Sources */ = {isa = PBXBuildFile; fileRef = 4B5193DC1F76C4B200C32056 /* AppDelegate.swift */; };
		4B5193DF1F76C4B200C32056 /* ViewController.swift in Sources */ = {isa = PBXBuildFile; fileRef = 4B5193DE1F76C4B200C32056 /* ViewController.swift */; };
		4B5193E11F76C4B200C32056 /* Assets.xcassets in Resources */ = {isa = PBXBuildFile; fileRef = 4B5193E01F76C4B200C32056 /* Assets.xcassets */; };
		4B5193E41F76C4B200C32056 /* Main.storyboard in Resources */ = {isa = PBXBuildFile; fileRef = 4B5193E21F76C4B200C32056 /* Main.storyboard */; };
/* End PBXBuildFile section */

/* Begin PBXFileReference section */
		4B5193D91F76C4B200C32056 /* LinkIt.app */ = {isa = PBXFileReference; explicitFileType = wrapper.application; includeInIndex = 0; path = LinkIt.app; sourceTree = BUILT_PRODUCTS_DIR; };
		4B5193DC1F76C4B200C32056 /* AppDelegate.swift */ = {isa = PBXFileReference; lastKnownFileType = sourcecode.swift; path = AppDelegate.swift; sourceTree = "<group>"; };
		4B5193DE1F76C4B200C32056 /* ViewController.swift */ = {isa = PBXFileReference; lastKnownFileType = sourcecode.swift; path = ViewController.swift; sourceTree = "<group>"; };
		4B5193E01F76C4B200C32056 /* Assets.xcassets */ = {isa = PBXFileReference; lastKnownFileType = folder.assetcatalog; path = Assets.xcassets; sourceTree = "<group>"; };
		4B5193E31F76C4B200C32056 /* Base */ = {isa = PBXFileReference; lastKnownFileType = file.storyboard; name = Base; path = Base.lproj/Main.storyboard; sourceTree = "<group>"; };
		4B5193E51F76C4B200C32056 /* Info.plist */ = {isa = PBXFileReference; lastKnownFileType = text.plist.xml; path = Info.plist; sourceTree = "<group>"; };
/* End PBXFileReference section */

/* Begin PBXFrameworksBuildPhase section */
		4B5193D61F76C4B200C32056 /* Frameworks */ = {
			isa = PBXFrameworksBuildPhase;
			buildActionMask = 2147483647;
			files = (
			);
			runOnlyForDeploymentPostprocessing = 0;
		};
/* End PBXFrameworksBuildPhase section */

/* Begin PBXGroup section */
		4B5193D01F76C4B200C32056 = {
			isa = PBXGroup;
			children = (
				4B5193DB1F76C4B200C32056 /* LinkIt */,
				4B5193DA1F76C4B200C32056 /* Products */,
			);
			sourceTree = "<group>";
		};
		4B5193DA1F76C4B200C32056 /* Products */ = {
			isa = PBXGroup;
			children = (
				4B5193D91F76C4B200C32056 /* LinkIt.app */,
			);
			name = Products;
			sourceTree = "<group>";
		};
		4B5193DB1F76C4B200C32056 /* LinkIt */ = {
			isa = PBXGroup;
			children = (
				4B5193DC1F76C4B200C32056 /* AppDelegate.swift */,
				4B5193DE1F76C4B200C32056 /* ViewController.swift */,
				4B5193E01F76C4B200C32056 /* Assets.xcassets */,
				4B5193E21F76C4B200C32056 /* Main.storyboard */,
				4B5193E51F76C4B200C32056 /* Info.plist */,
			);
			path = LinkIt;
			sourceTree = "<group>";
		};
/* End PBXGroup section */

/* Begin PBXNativeTarget section */
		4B5193D81F76C4B200C32056 /* LinkIt */ = {
			isa = PBXNativeTarget;
			buildConfigurationList = 4B5193E81F76C4B200C32056 /* Build configuration list for PBXNativeTarget "LinkIt" */;
			buildPhases = (
				4B5193D51F76C4B200C32056 /* Sources */,
				4B5193D61F76C4B200C32056 /* Frameworks */,
				4B5193D71F76C4B200C32056 /* Resources */,
			);
			buildRules = (
			);
			dependencies = (
			);
			name = LinkIt;
			productName = LinkIt;
			productReference = 4B5193D91F76C4B200C32056 /* LinkIt.app */;
			productType = "com.apple.product-type.application";
		};
/* End PBXNativeTarget section */

/* Begin PBXProject section */
		4B5193D11F76C4B200C32056 /* Project object */ = {
			isa = PBXProject;
			attributes = {
				LastSwiftUpdateCheck = 0830;
				LastUpgradeCheck = 0830;
				ORGANIZATIONNAME = "Brian D Keane";
				TargetAttributes = {
					4B5193D81F76C4B200C32056 = {
						CreatedOnToolsVersion = 8.3.3;
						DevelopmentTeam = FSRSPV9N9Q;
						ProvisioningStyle = Automatic;
					};
				};
			};
			buildConfigurationList = 4B5193D41F76C4B200C32056 /* Build configuration list for PBXProject "LinkIt" */;
			compatibilityVersion = "Xcode 3.2";
			developmentRegion = English;
			hasScannedForEncodings = 0;
			knownRegions = (
				en,
				Base,
			);
			mainGroup = 4B5193D01F76C4B200C32056;
			productRefGroup = 4B5193DA1F76C4B200C32056 /* Products */;
			projectDirPath = "";
			projectRoot = "";
			targets = (
				4B5193D81F76C4B200C32056 /* LinkIt */,
			);
		};
/* End PBXProject section */

/* Begin PBXResourcesBuildPhase section */
		4B5193D71F76C4B200C32056 /* Resources */ = {
			isa = PBXResourcesBuildPhase;
			buildActionMask = 2147483647;
			files = (
				4B5193E11F76C4B200C32056 /* Assets.xcassets in Resources */,
				4B5193E41F76C4B200C32056 /* Main.storyboard in Resources */,
			);
			runOnlyForDeploymentPostprocessing = 0;
		};
/* End PBXResourcesBuildPhase section */

/* Begin PBXSourcesBuildPhase section */
		4B5193D51F76C4B200C32056 /* Sources */ = {
			isa = PBXSourcesBuildPhase;
			buildActionMask = 2147483647;
			files = (
				4B5193DF1F76C4B200C32056 /* ViewController.swift in Sources */,
				4B5193DD1F76C4B200C32056 /* AppDelegate.swift in Sources */,
			);
			runOnlyForDeploymentPostprocessing = 0;
		};
/* End PBXSourcesBuildPhase section */

/* Begin PBXVariantGroup section */
		4B5193E21F76C4B200C32056 /* Main.storyboard */ = {
			isa = PBXVariantGroup;
			children = (
				4B5193E31F76C4B200C32056 /* Base */,
			);
			name = Main.storyboard;
			sourceTree = "<group>";
		};
/* End PBXVariantGroup section */

/* Begin XCBuildConfiguration section */
		4B5193E61F76C4B200C32056 /* Debug */ = {
			isa = XCBuildConfiguration;
			buildSettings = {
				ALWAYS_SEARCH_USER_PATHS = NO;
				CLANG_ANALYZER_NONNULL = YES;
				CLANG_ANALYZER_NUMBER_OBJECT_CONVERSION = YES_AGGRESSIVE;
				CLANG_CXX_LANGUAGE_STANDARD = "gnu++0x";
				CLANG_CXX_LIBRARY = "libc++";
				CLANG_ENABLE_MODULES = YES;
				CLANG_ENABLE_OBJC_ARC = YES;
				CLANG_WARN_BOOL_CONVERSION = YES;
				CLANG_WARN_CONSTANT_CONVERSION = YES;
				CLANG_WARN_DIRECT_OBJC_ISA_USAGE = YES_ERROR;
				CLANG_WARN_DOCUMENTATION_COMMENTS = YES;
				CLANG_WARN_EMPTY_BODY = YES;
				CLANG_WARN_ENUM_CONVERSION = YES;
				CLANG_WARN_INFINITE_RECURSION = YES;
				CLANG_WARN_INT_CONVERSION = YES;
				CLANG_WARN_OBJC_ROOT_CLASS = YES_ERROR;
				CLANG_WARN_SUSPICIOUS_MOVE = YES;
				CLANG_WARN_UNREACHABLE_CODE = YES;
				CLANG_WARN__DUPLICATE_METHOD_MATCH = YES;
				CODE_SIGN_IDENTITY = "-";
				COPY_PHASE_STRIP = NO;
				DEBUG_INFORMATION_FORMAT = dwarf;
				ENABLE_STRICT_OBJC_MSGSEND = YES;
				ENABLE_TESTABILITY = YES;
				GCC_C_LANGUAGE_STANDARD = gnu99;
				GCC_DYNAMIC_NO_PIC = NO;
				GCC_NO_COMMON_BLOCKS = YES;
				GCC_OPTIMIZATION_LEVEL = 0;
				GCC_PREPROCESSOR_DEFINITIONS = (
					"DEBUG=1",
					"$(inherited)",
				);
				GCC_WARN_64_TO_32_BIT_CONVERSION = YES;
				GCC_WARN_ABOUT_RETURN_TYPE = YES_ERROR;
				GCC_WARN_UNDECLARED_SELECTOR = YES;
				GCC_WARN_UNINITIALIZED_AUTOS = YES_AGGRESSIVE;
				GCC_WARN_UNUSED_FUNCTION = YES;
				GCC_WARN_UNUSED_VARIABLE = YES;
				MACOSX_DEPLOYMENT_TARGET = 10.12;
				MTL_ENABLE_DEBUG_INFO = YES;
				ONLY_ACTIVE_ARCH = YES;
				SDKROOT = macosx;
				SWIFT_ACTIVE_COMPILATION_CONDITIONS = DEBUG;
				SWIFT_OPTIMIZATION_LEVEL = "-Onone";
			};
			name = Debug;
		};
		4B5193E71F76C4B200C32056 /* Release */ = {
			isa = XCBuildConfiguration;
			buildSettings = {
				ALWAYS_SEARCH_USER_PATHS = NO;
				CLANG_ANALYZER_NONNULL = YES;
				CLANG_ANALYZER_NUMBER_OBJECT_CONVERSION = YES_AGGRESSIVE;
				CLANG_CXX_LANGUAGE_STANDARD = "gnu++0x";
				CLANG_CXX_LIBRARY = "libc++";
				CLANG_ENABLE_MODULES = YES;
				CLANG_ENABLE_OBJC_ARC = YES;
				CLANG_WARN_BOOL_CONVERSION = YES;
				CLANG_WARN_CONSTANT_CONVERSION = YES;
				CLANG_WARN_DIRECT_OBJC_ISA_USAGE = YES_ERROR;
				CLANG_WARN_DOCUMENTATION_COMMENTS = YES;
				CLANG_WARN_EMPTY_BODY = YES;
				CLANG_WARN_ENUM_CONVERSION = YES;
				CLANG_WARN_INFINITE_RECURSION = YES;
				CLANG_WARN_INT_CONVERSION = YES;
				CLANG_WARN_OBJC_ROOT_CLASS = YES_ERROR;
				CLANG_WARN_SUSPICIOUS_MOVE = YES;
				CLANG_WARN_UNREACHABLE_CODE = YES;
				CLANG_WARN__DUPLICATE_METHOD_MATCH = YES;
				CODE_SIGN_IDENTITY = "-";
				COPY_PHASE_STRIP = NO;
				DEBUG_INFORMATION_FORMAT = "dwarf-with-dsym";
				ENABLE_NS_ASSERTIONS = NO;
				ENABLE_STRICT_OBJC_MSGSEND = YES;
				GCC_C_LANGUAGE_STANDARD = gnu99;
				GCC_NO_COMMON_BLOCKS = YES;
				GCC_WARN_64_TO_32_BIT_CONVERSION = YES;
				GCC_WARN_ABOUT_RETURN_TYPE = YES_ERROR;
				GCC_WARN_UNDECLARED_SELECTOR = YES;
				GCC_WARN_UNINITIALIZED_AUTOS = YES_AGGRESSIVE;
				GCC_WARN_UNUSED_FUNCTION = YES;
				GCC_WARN_UNUSED_VARIABLE = YES;
				MACOSX_DEPLOYMENT_TARGET = 10.12;
				MTL_ENABLE_DEBUG_INFO = NO;
				SDKROOT = macosx;
				SWIFT_OPTIMIZATION_LEVEL = "-Owholemodule";
			};
			name = Release;
		};
		4B5193E91F76C4B200C32056 /* Debug */ = {
			isa = XCBuildConfiguration;
			buildSettings = {
				ASSETCATALOG_COMPILER_APPICON_NAME = AppIcon;
				COMBINE_HIDPI_IMAGES = YES;
				DEVELOPMENT_TEAM = FSRSPV9N9Q;
				INFOPLIST_FILE = LinkIt/Info.plist;
				LD_RUNPATH_SEARCH_PATHS = "$(inherited) @executable_path/../Frameworks";
				PRODUCT_BUNDLE_IDENTIFIER = fm.playola.LinkIt;
				PRODUCT_NAME = "$(TARGET_NAME)";
				SWIFT_VERSION = 3.0;
			};
			name = Debug;
		};
		4B5193EA1F76C4B200C32056 /* Release */ = {
			isa = XCBuildConfiguration;
			buildSettings = {
				ASSETCATALOG_COMPILER_APPICON_NAME = AppIcon;
				COMBINE_HIDPI_IMAGES = YES;
				DEVELOPMENT_TEAM = FSRSPV9N9Q;
				INFOPLIST_FILE = LinkIt/Info.plist;
				LD_RUNPATH_SEARCH_PATHS = "$(inherited) @executable_path/../Frameworks";
				PRODUCT_BUNDLE_IDENTIFIER = fm.playola.LinkIt;
				PRODUCT_NAME = "$(TARGET_NAME)";
				SWIFT_VERSION = 3.0;
			};
			name = Release;
		};
/* End XCBuildConfiguration section */

/* Begin XCConfigurationList section */
		4B5193D41F76C4B200C32056 /* Build configuration list for PBXProject "LinkIt" */ = {
			isa = XCConfigurationList;
			buildConfigurations = (
				4B5193E61F76C4B200C32056 /* Debug */,
				4B5193E71F76C4B200C32056 /* Release */,
			);
			defaultConfigurationIsVisible = 0;
			defaultConfigurationName = Release;
		};
		4B5193E81F76C4B200C32056 /* Build configuration list for PBXNativeTarget "LinkIt" */ = {
			isa = XCConfigurationList;
			buildConfigurations = (
				4B5193E91F76C4B200C32056 /* Debug */,
				4B5193EA1F76C4B200C32056 /* Release */,
			);
			defaultConfigurationIsVisible = 0;
		};
/* End XCConfigurationList section */
	};
	rootObject = 4B5193D11F76C4B200C32056 /* Project object */;
}
