// !$*UTF8*$!
{
	archiveVersion = 1;
	classes = {
	};
	objectVersion = 46;
	objects = {

/* Begin PBXBuildFile section */
		4BE7DD201F782A39004BC41D /* AppDelegate.swift in Sources */ = {isa = PBXBuildFile; fileRef = 4BE7DD1F1F782A39004BC41D /* AppDelegate.swift */; };
		4BE7DD221F782A3A004BC41D /* ViewController.swift in Sources */ = {isa = PBXBuildFile; fileRef = 4BE7DD211F782A3A004BC41D /* ViewController.swift */; };
		4BE7DD241F782A3A004BC41D /* Assets.xcassets in Resources */ = {isa = PBXBuildFile; fileRef = 4BE7DD231F782A3A004BC41D /* Assets.xcassets */; };
		4BE7DD271F782A3A004BC41D /* Main.storyboard in Resources */ = {isa = PBXBuildFile; fileRef = 4BE7DD251F782A3A004BC41D /* Main.storyboard */; };
		4BE7DD2F1F782ACD004BC41D /* MyWindowController.swift in Sources */ = {isa = PBXBuildFile; fileRef = 4BE7DD2E1F782ACD004BC41D /* MyWindowController.swift */; };
/* End PBXBuildFile section */

/* Begin PBXFileReference section */
		4BE7DD1C1F782A39004BC41D /* TouchColorFun.app */ = {isa = PBXFileReference; explicitFileType = wrapper.application; includeInIndex = 0; path = TouchColorFun.app; sourceTree = BUILT_PRODUCTS_DIR; };
		4BE7DD1F1F782A39004BC41D /* AppDelegate.swift */ = {isa = PBXFileReference; lastKnownFileType = sourcecode.swift; path = AppDelegate.swift; sourceTree = "<group>"; };
		4BE7DD211F782A3A004BC41D /* ViewController.swift */ = {isa = PBXFileReference; lastKnownFileType = sourcecode.swift; path = ViewController.swift; sourceTree = "<group>"; };
		4BE7DD231F782A3A004BC41D /* Assets.xcassets */ = {isa = PBXFileReference; lastKnownFileType = folder.assetcatalog; path = Assets.xcassets; sourceTree = "<group>"; };
		4BE7DD261F782A3A004BC41D /* Base */ = {isa = PBXFileReference; lastKnownFileType = file.storyboard; name = Base; path = Base.lproj/Main.storyboard; sourceTree = "<group>"; };
		4BE7DD281F782A3A004BC41D /* Info.plist */ = {isa = PBXFileReference; lastKnownFileType = text.plist.xml; path = Info.plist; sourceTree = "<group>"; };
		4BE7DD2E1F782ACD004BC41D /* MyWindowController.swift */ = {isa = PBXFileReference; fileEncoding = 4; lastKnownFileType = sourcecode.swift; path = MyWindowController.swift; sourceTree = "<group>"; };
/* End PBXFileReference section */

/* Begin PBXFrameworksBuildPhase section */
		4BE7DD191F782A39004BC41D /* Frameworks */ = {
			isa = PBXFrameworksBuildPhase;
			buildActionMask = 2147483647;
			files = (
			);
			runOnlyForDeploymentPostprocessing = 0;
		};
/* End PBXFrameworksBuildPhase section */

/* Begin PBXGroup section */
		4BE7DD131F782A39004BC41D = {
			isa = PBXGroup;
			children = (
				4BE7DD1E1F782A39004BC41D /* TouchColorFun */,
				4BE7DD1D1F782A39004BC41D /* Products */,
			);
			sourceTree = "<group>";
		};
		4BE7DD1D1F782A39004BC41D /* Products */ = {
			isa = PBXGroup;
			children = (
				4BE7DD1C1F782A39004BC41D /* TouchColorFun.app */,
			);
			name = Products;
			sourceTree = "<group>";
		};
		4BE7DD1E1F782A39004BC41D /* TouchColorFun */ = {
			isa = PBXGroup;
			children = (
				4BE7DD1F1F782A39004BC41D /* AppDelegate.swift */,
				4BE7DD211F782A3A004BC41D /* ViewController.swift */,
				4BE7DD231F782A3A004BC41D /* Assets.xcassets */,
				4BE7DD251F782A3A004BC41D /* Main.storyboard */,
				4BE7DD281F782A3A004BC41D /* Info.plist */,
				4BE7DD2E1F782ACD004BC41D /* MyWindowController.swift */,
			);
			path = TouchColorFun;
			sourceTree = "<group>";
		};
/* End PBXGroup section */

/* Begin PBXNativeTarget section */
		4BE7DD1B1F782A39004BC41D /* TouchColorFun */ = {
			isa = PBXNativeTarget;
			buildConfigurationList = 4BE7DD2B1F782A3A004BC41D /* Build configuration list for PBXNativeTarget "TouchColorFun" */;
			buildPhases = (
				4BE7DD181F782A39004BC41D /* Sources */,
				4BE7DD191F782A39004BC41D /* Frameworks */,
				4BE7DD1A1F782A39004BC41D /* Resources */,
			);
			buildRules = (
			);
			dependencies = (
			);
			name = TouchColorFun;
			productName = TouchColorFun;
			productReference = 4BE7DD1C1F782A39004BC41D /* TouchColorFun.app */;
			productType = "com.apple.product-type.application";
		};
/* End PBXNativeTarget section */

/* Begin PBXProject section */
		4BE7DD141F782A39004BC41D /* Project object */ = {
			isa = PBXProject;
			attributes = {
				LastSwiftUpdateCheck = 0830;
				LastUpgradeCheck = 0830;
				ORGANIZATIONNAME = "Brian D Keane";
				TargetAttributes = {
					4BE7DD1B1F782A39004BC41D = {
						CreatedOnToolsVersion = 8.3.3;
						DevelopmentTeam = FSRSPV9N9Q;
						ProvisioningStyle = Automatic;
					};
				};
			};
			buildConfigurationList = 4BE7DD171F782A39004BC41D /* Build configuration list for PBXProject "TouchColorFun" */;
			compatibilityVersion = "Xcode 3.2";
			developmentRegion = English;
			hasScannedForEncodings = 0;
			knownRegions = (
				en,
				Base,
			);
			mainGroup = 4BE7DD131F782A39004BC41D;
			productRefGroup = 4BE7DD1D1F782A39004BC41D /* Products */;
			projectDirPath = "";
			projectRoot = "";
			targets = (
				4BE7DD1B1F782A39004BC41D /* TouchColorFun */,
			);
		};
/* End PBXProject section */

/* Begin PBXResourcesBuildPhase section */
		4BE7DD1A1F782A39004BC41D /* Resources */ = {
			isa = PBXResourcesBuildPhase;
			buildActionMask = 2147483647;
			files = (
				4BE7DD241F782A3A004BC41D /* Assets.xcassets in Resources */,
				4BE7DD271F782A3A004BC41D /* Main.storyboard in Resources */,
			);
			runOnlyForDeploymentPostprocessing = 0;
		};
/* End PBXResourcesBuildPhase section */

/* Begin PBXSourcesBuildPhase section */
		4BE7DD181F782A39004BC41D /* Sources */ = {
			isa = PBXSourcesBuildPhase;
			buildActionMask = 2147483647;
			files = (
				4BE7DD2F1F782ACD004BC41D /* MyWindowController.swift in Sources */,
				4BE7DD221F782A3A004BC41D /* ViewController.swift in Sources */,
				4BE7DD201F782A39004BC41D /* AppDelegate.swift in Sources */,
			);
			runOnlyForDeploymentPostprocessing = 0;
		};
/* End PBXSourcesBuildPhase section */

/* Begin PBXVariantGroup section */
		4BE7DD251F782A3A004BC41D /* Main.storyboard */ = {
			isa = PBXVariantGroup;
			children = (
				4BE7DD261F782A3A004BC41D /* Base */,
			);
			name = Main.storyboard;
			sourceTree = "<group>";
		};
/* End PBXVariantGroup section */

/* Begin XCBuildConfiguration section */
		4BE7DD291F782A3A004BC41D /* Debug */ = {
			isa = XCBuildConfiguration;
			buildSettings = {
				ALWAYS_SEARCH_USER_PATHS = NO;
				CLANG_ANALYZER_NONNULL = YES;
				CLANG_ANALYZER_NUMBER_OBJECT_CONVERSION = YES_AGGRESSIVE;
				CLANG_CXX_LANGUAGE_STANDARD = "gnu++0x";
				CLANG_CXX_LIBRARY = "libc++";
				CLANG_ENABLE_MODULES = YES;
				CLANG_ENABLE_OBJC_ARC = YES;
				CLANG_WARN_BOOL_CONVERSION = YES;
				CLANG_WARN_CONSTANT_CONVERSION = YES;
				CLANG_WARN_DIRECT_OBJC_ISA_USAGE = YES_ERROR;
				CLANG_WARN_DOCUMENTATION_COMMENTS = YES;
				CLANG_WARN_EMPTY_BODY = YES;
				CLANG_WARN_ENUM_CONVERSION = YES;
				CLANG_WARN_INFINITE_RECURSION = YES;
				CLANG_WARN_INT_CONVERSION = YES;
				CLANG_WARN_OBJC_ROOT_CLASS = YES_ERROR;
				CLANG_WARN_SUSPICIOUS_MOVE = YES;
				CLANG_WARN_UNREACHABLE_CODE = YES;
				CLANG_WARN__DUPLICATE_METHOD_MATCH = YES;
				CODE_SIGN_IDENTITY = "-";
				COPY_PHASE_STRIP = NO;
				DEBUG_INFORMATION_FORMAT = dwarf;
				ENABLE_STRICT_OBJC_MSGSEND = YES;
				ENABLE_TESTABILITY = YES;
				GCC_C_LANGUAGE_STANDARD = gnu99;
				GCC_DYNAMIC_NO_PIC = NO;
				GCC_NO_COMMON_BLOCKS = YES;
				GCC_OPTIMIZATION_LEVEL = 0;
				GCC_PREPROCESSOR_DEFINITIONS = (
					"DEBUG=1",
					"$(inherited)",
				);
				GCC_WARN_64_TO_32_BIT_CONVERSION = YES;
				GCC_WARN_ABOUT_RETURN_TYPE = YES_ERROR;
				GCC_WARN_UNDECLARED_SELECTOR = YES;
				GCC_WARN_UNINITIALIZED_AUTOS = YES_AGGRESSIVE;
				GCC_WARN_UNUSED_FUNCTION = YES;
				GCC_WARN_UNUSED_VARIABLE = YES;
				MACOSX_DEPLOYMENT_TARGET = 10.12;
				MTL_ENABLE_DEBUG_INFO = YES;
				ONLY_ACTIVE_ARCH = YES;
				SDKROOT = macosx;
				SWIFT_ACTIVE_COMPILATION_CONDITIONS = DEBUG;
				SWIFT_OPTIMIZATION_LEVEL = "-Onone";
			};
			name = Debug;
		};
		4BE7DD2A1F782A3A004BC41D /* Release */ = {
			isa = XCBuildConfiguration;
			buildSettings = {
				ALWAYS_SEARCH_USER_PATHS = NO;
				CLANG_ANALYZER_NONNULL = YES;
				CLANG_ANALYZER_NUMBER_OBJECT_CONVERSION = YES_AGGRESSIVE;
				CLANG_CXX_LANGUAGE_STANDARD = "gnu++0x";
				CLANG_CXX_LIBRARY = "libc++";
				CLANG_ENABLE_MODULES = YES;
				CLANG_ENABLE_OBJC_ARC = YES;
				CLANG_WARN_BOOL_CONVERSION = YES;
				CLANG_WARN_CONSTANT_CONVERSION = YES;
				CLANG_WARN_DIRECT_OBJC_ISA_USAGE = YES_ERROR;
				CLANG_WARN_DOCUMENTATION_COMMENTS = YES;
				CLANG_WARN_EMPTY_BODY = YES;
				CLANG_WARN_ENUM_CONVERSION = YES;
				CLANG_WARN_INFINITE_RECURSION = YES;
				CLANG_WARN_INT_CONVERSION = YES;
				CLANG_WARN_OBJC_ROOT_CLASS = YES_ERROR;
				CLANG_WARN_SUSPICIOUS_MOVE = YES;
				CLANG_WARN_UNREACHABLE_CODE = YES;
				CLANG_WARN__DUPLICATE_METHOD_MATCH = YES;
				CODE_SIGN_IDENTITY = "-";
				COPY_PHASE_STRIP = NO;
				DEBUG_INFORMATION_FORMAT = "dwarf-with-dsym";
				ENABLE_NS_ASSERTIONS = NO;
				ENABLE_STRICT_OBJC_MSGSEND = YES;
				GCC_C_LANGUAGE_STANDARD = gnu99;
				GCC_NO_COMMON_BLOCKS = YES;
				GCC_WARN_64_TO_32_BIT_CONVERSION = YES;
				GCC_WARN_ABOUT_RETURN_TYPE = YES_ERROR;
				GCC_WARN_UNDECLARED_SELECTOR = YES;
				GCC_WARN_UNINITIALIZED_AUTOS = YES_AGGRESSIVE;
				GCC_WARN_UNUSED_FUNCTION = YES;
				GCC_WARN_UNUSED_VARIABLE = YES;
				MACOSX_DEPLOYMENT_TARGET = 10.12;
				MTL_ENABLE_DEBUG_INFO = NO;
				SDKROOT = macosx;
				SWIFT_OPTIMIZATION_LEVEL = "-Owholemodule";
			};
			name = Release;
		};
		4BE7DD2C1F782A3A004BC41D /* Debug */ = {
			isa = XCBuildConfiguration;
			buildSettings = {
				ASSETCATALOG_COMPILER_APPICON_NAME = AppIcon;
				COMBINE_HIDPI_IMAGES = YES;
				DEVELOPMENT_TEAM = FSRSPV9N9Q;
				INFOPLIST_FILE = TouchColorFun/Info.plist;
				LD_RUNPATH_SEARCH_PATHS = "$(inherited) @executable_path/../Frameworks";
				PRODUCT_BUNDLE_IDENTIFIER = fm.playola.TouchColorFun;
				PRODUCT_NAME = "$(TARGET_NAME)";
				SWIFT_VERSION = 3.0;
			};
			name = Debug;
		};
		4BE7DD2D1F782A3A004BC41D /* Release */ = {
			isa = XCBuildConfiguration;
			buildSettings = {
				ASSETCATALOG_COMPILER_APPICON_NAME = AppIcon;
				COMBINE_HIDPI_IMAGES = YES;
				DEVELOPMENT_TEAM = FSRSPV9N9Q;
				INFOPLIST_FILE = TouchColorFun/Info.plist;
				LD_RUNPATH_SEARCH_PATHS = "$(inherited) @executable_path/../Frameworks";
				PRODUCT_BUNDLE_IDENTIFIER = fm.playola.TouchColorFun;
				PRODUCT_NAME = "$(TARGET_NAME)";
				SWIFT_VERSION = 3.0;
			};
			name = Release;
		};
/* End XCBuildConfiguration section */

/* Begin XCConfigurationList section */
		4BE7DD171F782A39004BC41D /* Build configuration list for PBXProject "TouchColorFun" */ = {
			isa = XCConfigurationList;
			buildConfigurations = (
				4BE7DD291F782A3A004BC41D /* Debug */,
				4BE7DD2A1F782A3A004BC41D /* Release */,
			);
			defaultConfigurationIsVisible = 0;
			defaultConfigurationName = Release;
		};
		4BE7DD2B1F782A3A004BC41D /* Build configuration list for PBXNativeTarget "TouchColorFun" */ = {
			isa = XCConfigurationList;
			buildConfigurations = (
				4BE7DD2C1F782A3A004BC41D /* Debug */,
				4BE7DD2D1F782A3A004BC41D /* Release */,
			);
			defaultConfigurationIsVisible = 0;
		};
/* End XCConfigurationList section */
	};
	rootObject = 4BE7DD141F782A39004BC41D /* Project object */;
}
